
Microsoft Visual Studio Solution File, Format Version 9.00
# Visual C++ Express 2005
Project("{8BC9CEB8-8B4A-11D0-8D11-00A0C91BC942}") = "ms3dglut", "ms3dglut.vcproj", "{9DD10ACB-F458-44F4-A4A2-60E3AF50DF9C}"
EndProject
Project("{8BC9CEB8-8B4A-11D0-8D11-00A0C91BC942}") = "MilkShapeDLL", "MilkShapeDLL.vcproj", "{4A4E4382-E90A-4D6A-9179-CCAD072424D8}"
EndProject
Global
	GlobalSection(SolutionConfigurationPlatforms) = preSolution
		Debug|Win32 = Debug|Win32
		Release|Win32 = Release|Win32
	EndGlobalSection
	GlobalSection(ProjectConfigurationPlatforms) = postSolution
		{9DD10ACB-F458-44F4-A4A2-60E3AF50DF9C}.Debug|Win32.ActiveCfg = Debug|Win32
		{9DD10ACB-F458-44F4-A4A2-60E3AF50DF9C}.Debug|Win32.Build.0 = Debug|Win32
		{9DD10ACB-F458-44F4-A4A2-60E3AF50DF9C}.Release|Win32.ActiveCfg = Release|Win32
		{9DD10ACB-F458-44F4-A4A2-60E3AF50DF9C}.Release|Win32.Build.0 = Release|Win32
		{4A4E4382-E90A-4D6A-9179-CCAD072424D8}.Debug|Win32.ActiveCfg = Debug|Win32
		{4A4E4382-E90A-4D6A-9179-CCAD072424D8}.Debug|Win32.Build.0 = Debug|Win32
		{4A4E4382-E90A-4D6A-9179-CCAD072424D8}.Release|Win32.ActiveCfg = Release|Win32
		{4A4E4382-E90A-4D6A-9179-CCAD072424D8}.Release|Win32.Build.0 = Release|Win32
	EndGlobalSection
	GlobalSection(SolutionProperties) = preSolution
		HideSolutionNode = FALSE
	EndGlobalSection
EndGlobal
